
Microsoft Visual Studio Solution File, Format Version 12.00
# Visual Studio Version 17
VisualStudioVersion = 17.9.34607.119
MinimumVisualStudioVersion = 10.0.40219.1
Project("{9A19103F-16F7-4668-BE54-9A1E7A4F7556}") = "Domain.BeautySalon", "Domain.School\Domain.BeautySalon.csproj", "{2CBB4B60-143B-4C2E-86EF-6E33C7F6CA72}"
EndProject
Global
	GlobalSection(SolutionConfigurationPlatforms) = preSolution
		Debug|Any CPU = Debug|Any CPU
		Release|Any CPU = Release|Any CPU
	EndGlobalSection
	GlobalSection(ProjectConfigurationPlatforms) = postSolution
		{2CBB4B60-143B-4C2E-86EF-6E33C7F6CA72}.Debug|Any CPU.ActiveCfg = Debug|Any CPU
		{2CBB4B60-143B-4C2E-86EF-6E33C7F6CA72}.Debug|Any CPU.Build.0 = Debug|Any CPU
		{2CBB4B60-143B-4C2E-86EF-6E33C7F6CA72}.Release|Any CPU.ActiveCfg = Release|Any CPU
		{2CBB4B60-143B-4C2E-86EF-6E33C7F6CA72}.Release|Any CPU.Build.0 = Release|Any CPU
	EndGlobalSection
	GlobalSection(SolutionProperties) = preSolution
		HideSolutionNode = FALSE
	EndGlobalSection
	GlobalSection(ExtensibilityGlobals) = postSolution
		SolutionGuid = {AC8ED489-C1E4-41B4-81FD-9B4DB1150656}
	EndGlobalSection
EndGlobal
